// !$*UTF8*$!
{
	archiveVersion = 1;
	classes = {
	};
	objectVersion = 77;
	objects = {

/* Begin PBXContainerItemProxy section */
		04EAA7D02EF5BFDD00B30BDC /* PBXContainerItemProxy */ = {
			isa = PBXContainerItemProxy;
			containerPortal = 04EAA7B12EF5BFDB00B30BDC /* Project object */;
			proxyType = 1;
			remoteGlobalIDString = 04EAA7B82EF5BFDB00B30BDC;
			remoteInfo = SnakeGame;
		};
		04EAA7DA2EF5BFDD00B30BDC /* PBXContainerItemProxy */ = {
			isa = PBXContainerItemProxy;
			containerPortal = 04EAA7B12EF5BFDB00B30BDC /* Project object */;
			proxyType = 1;
			remoteGlobalIDString = 04EAA7B82EF5BFDB00B30BDC;
			remoteInfo = SnakeGame;
		};
/* End PBXContainerItemProxy section */

/* Begin PBXFileReference section */
		04EAA7B92EF5BFDB00B30BDC /* SnakeGame.app */ = {isa = PBXFileReference; explicitFileType = wrapper.application; includeInIndex = 0; path = SnakeGame.app; sourceTree = BUILT_PRODUCTS_DIR; };
		04EAA7CF2EF5BFDD00B30BDC /* SnakeGameTests.xctest */ = {isa = PBXFileReference; explicitFileType = wrapper.cfbundle; includeInIndex = 0; path = SnakeGameTests.xctest; sourceTree = BUILT_PRODUCTS_DIR; };
		04EAA7D92EF5BFDD00B30BDC /* SnakeGameUITests.xctest */ = {isa = PBXFileReference; explicitFileType = wrapper.cfbundle; includeInIndex = 0; path = SnakeGameUITests.xctest; sourceTree = BUILT_PRODUCTS_DIR; };
/* End PBXFileReference section */

/* Begin PBXFileSystemSynchronizedBuildFileExceptionSet section */
		04EAA7E12EF5BFDD00B30BDC /* Exceptions for "SnakeGame" folder in "SnakeGame" target */ = {
			isa = PBXFileSystemSynchronizedBuildFileExceptionSet;
			membershipExceptions = (
				Info.plist,
			);
			target = 04EAA7B82EF5BFDB00B30BDC /* SnakeGame */;
		};
/* End PBXFileSystemSynchronizedBuildFileExceptionSet section */

/* Begin PBXFileSystemSynchronizedRootGroup section */
		04EAA7BB2EF5BFDB00B30BDC /* SnakeGame */ = {
			isa = PBXFileSystemSynchronizedRootGroup;
			exceptions = (
				04EAA7E12EF5BFDD00B30BDC /* Exceptions for "SnakeGame" folder in "SnakeGame" target */,
			);
			path = SnakeGame;
			sourceTree = "<group>";
		};
		04EAA7D22EF5BFDD00B30BDC /* SnakeGameTests */ = {
			isa = PBXFileSystemSynchronizedRootGroup;
			path = SnakeGameTests;
			sourceTree = "<group>";
		};
		04EAA7DC2EF5BFDD00B30BDC /* SnakeGameUITests */ = {
			isa = PBXFileSystemSynchronizedRootGroup;
			path = SnakeGameUITests;
			sourceTree = "<group>";
		};
/* End PBXFileSystemSynchronizedRootGroup section */

/* Begin PBXFrameworksBuildPhase section */
		04EAA7B62EF5BFDB00B30BDC /* Frameworks */ = {
			isa = PBXFrameworksBuildPhase;
			buildActionMask = 2147483647;
			files = (
			);
			runOnlyForDeploymentPostprocessing = 0;
		};
		04EAA7CC2EF5BFDD00B30BDC /* Frameworks */ = {
			isa = PBXFrameworksBuildPhase;
			buildActionMask = 2147483647;
			files = (
			);
			runOnlyForDeploymentPostprocessing = 0;
		};
		04EAA7D62EF5BFDD00B30BDC /* Frameworks */ = {
			isa = PBXFrameworksBuildPhase;
			buildActionMask = 2147483647;
			files = (
			);
			runOnlyForDeploymentPostprocessing = 0;
		};
/* End PBXFrameworksBuildPhase section */

/* Begin PBXGroup section */
		04EAA7B02EF5BFDB00B30BDC = {
			isa = PBXGroup;
			children = (
				04EAA7BB2EF5BFDB00B30BDC /* SnakeGame */,
				04EAA7D22EF5BFDD00B30BDC /* SnakeGameTests */,
				04EAA7DC2EF5BFDD00B30BDC /* SnakeGameUITests */,
				04EAA7BA2EF5BFDB00B30BDC /* Products */,
			);
			sourceTree = "<group>";
		};
		04EAA7BA2EF5BFDB00B30BDC /* Products */ = {
			isa = PBXGroup;
			children = (
				04EAA7B92EF5BFDB00B30BDC /* SnakeGame.app */,
				04EAA7CF2EF5BFDD00B30BDC /* SnakeGameTests.xctest */,
				04EAA7D92EF5BFDD00B30BDC /* SnakeGameUITests.xctest */,
			);
			name = Products;
			sourceTree = "<group>";
		};
/* End PBXGroup section */

/* Begin PBXNativeTarget section */
		04EAA7B82EF5BFDB00B30BDC /* SnakeGame */ = {
			isa = PBXNativeTarget;
			buildConfigurationList = 04EAA7E22EF5BFDD00B30BDC /* Build configuration list for PBXNativeTarget "SnakeGame" */;
			buildPhases = (
				04EAA7B52EF5BFDB00B30BDC /* Sources */,
				04EAA7B62EF5BFDB00B30BDC /* Frameworks */,
				04EAA7B72EF5BFDB00B30BDC /* Resources */,
			);
			buildRules = (
			);
			dependencies = (
			);
			fileSystemSynchronizedGroups = (
				04EAA7BB2EF5BFDB00B30BDC /* SnakeGame */,
			);
			name = SnakeGame;
			packageProductDependencies = (
			);
			productName = SnakeGame;
			productReference = 04EAA7B92EF5BFDB00B30BDC /* SnakeGame.app */;
			productType = "com.apple.product-type.application";
		};
		04EAA7CE2EF5BFDD00B30BDC /* SnakeGameTests */ = {
			isa = PBXNativeTarget;
			buildConfigurationList = 04EAA7E72EF5BFDD00B30BDC /* Build configuration list for PBXNativeTarget "SnakeGameTests" */;
			buildPhases = (
				04EAA7CB2EF5BFDD00B30BDC /* Sources */,
				04EAA7CC2EF5BFDD00B30BDC /* Frameworks */,
				04EAA7CD2EF5BFDD00B30BDC /* Resources */,
			);
			buildRules = (
			);
			dependencies = (
				04EAA7D12EF5BFDD00B30BDC /* PBXTargetDependency */,
			);
			fileSystemSynchronizedGroups = (
				04EAA7D22EF5BFDD00B30BDC /* SnakeGameTests */,
			);
			name = SnakeGameTests;
			packageProductDependencies = (
			);
			productName = SnakeGameTests;
			productReference = 04EAA7CF2EF5BFDD00B30BDC /* SnakeGameTests.xctest */;
			productType = "com.apple.product-type.bundle.unit-test";
		};
		04EAA7D82EF5BFDD00B30BDC /* SnakeGameUITests */ = {
			isa = PBXNativeTarget;
			buildConfigurationList = 04EAA7EA2EF5BFDD00B30BDC /* Build configuration list for PBXNativeTarget "SnakeGameUITests" */;
			buildPhases = (
				04EAA7D52EF5BFDD00B30BDC /* Sources */,
				04EAA7D62EF5BFDD00B30BDC /* Frameworks */,
				04EAA7D72EF5BFDD00B30BDC /* Resources */,
			);
			buildRules = (
			);
			dependencies = (
				04EAA7DB2EF5BFDD00B30BDC /* PBXTargetDependency */,
			);
			fileSystemSynchronizedGroups = (
				04EAA7DC2EF5BFDD00B30BDC /* SnakeGameUITests */,
			);
			name = SnakeGameUITests;
			packageProductDependencies = (
			);
			productName = SnakeGameUITests;
			productReference = 04EAA7D92EF5BFDD00B30BDC /* SnakeGameUITests.xctest */;
			productType = "com.apple.product-type.bundle.ui-testing";
		};
/* End PBXNativeTarget section */

/* Begin PBXProject section */
		04EAA7B12EF5BFDB00B30BDC /* Project object */ = {
			isa = PBXProject;
			attributes = {
				BuildIndependentTargetsInParallel = 1;
				LastSwiftUpdateCheck = 1640;
				LastUpgradeCheck = 1640;
				TargetAttributes = {
					04EAA7B82EF5BFDB00B30BDC = {
						CreatedOnToolsVersion = 16.4;
					};
					04EAA7CE2EF5BFDD00B30BDC = {
						CreatedOnToolsVersion = 16.4;
						TestTargetID = 04EAA7B82EF5BFDB00B30BDC;
					};
					04EAA7D82EF5BFDD00B30BDC = {
						CreatedOnToolsVersion = 16.4;
						TestTargetID = 04EAA7B82EF5BFDB00B30BDC;
					};
				};
			};
			buildConfigurationList = 04EAA7B42EF5BFDB00B30BDC /* Build configuration list for PBXProject "SnakeGame" */;
			developmentRegion = en;
			hasScannedForEncodings = 0;
			knownRegions = (
				en,
				Base,
			);
			mainGroup = 04EAA7B02EF5BFDB00B30BDC;
			minimizedProjectReferenceProxies = 1;
			preferredProjectObjectVersion = 77;
			productRefGroup = 04EAA7BA2EF5BFDB00B30BDC /* Products */;
			projectDirPath = "";
			projectRoot = "";
			targets = (
				04EAA7B82EF5BFDB00B30BDC /* SnakeGame */,
				04EAA7CE2EF5BFDD00B30BDC /* SnakeGameTests */,
				04EAA7D82EF5BFDD00B30BDC /* SnakeGameUITests */,
			);
		};
/* End PBXProject section */

/* Begin PBXResourcesBuildPhase section */
		04EAA7B72EF5BFDB00B30BDC /* Resources */ = {
			isa = PBXResourcesBuildPhase;
			buildActionMask = 2147483647;
			files = (
			);
			runOnlyForDeploymentPostprocessing = 0;
		};
		04EAA7CD2EF5BFDD00B30BDC /* Resources */ = {
			isa = PBXResourcesBuildPhase;
			buildActionMask = 2147483647;
			files = (
			);
			runOnlyForDeploymentPostprocessing = 0;
		};
		04EAA7D72EF5BFDD00B30BDC /* Resources */ = {
			isa = PBXResourcesBuildPhase;
			buildActionMask = 2147483647;
			files = (
			);
			runOnlyForDeploymentPostprocessing = 0;
		};
/* End PBXResourcesBuildPhase section */

/* Begin PBXSourcesBuildPhase section */
		04EAA7B52EF5BFDB00B30BDC /* Sources */ = {
			isa = PBXSourcesBuildPhase;
			buildActionMask = 2147483647;
			files = (
			);
			runOnlyForDeploymentPostprocessing = 0;
		};
		04EAA7CB2EF5BFDD00B30BDC /* Sources */ = {
			isa = PBXSourcesBuildPhase;
			buildActionMask = 2147483647;
			files = (
			);
			runOnlyForDeploymentPostprocessing = 0;
		};
		04EAA7D52EF5BFDD00B30BDC /* Sources */ = {
			isa = PBXSourcesBuildPhase;
			buildActionMask = 2147483647;
			files = (
			);
			runOnlyForDeploymentPostprocessing = 0;
		};
/* End PBXSourcesBuildPhase section */

/* Begin PBXTargetDependency section */
		04EAA7D12EF5BFDD00B30BDC /* PBXTargetDependency */ = {
			isa = PBXTargetDependency;
			target = 04EAA7B82EF5BFDB00B30BDC /* SnakeGame */;
			targetProxy = 04EAA7D02EF5BFDD00B30BDC /* PBXContainerItemProxy */;
		};
		04EAA7DB2EF5BFDD00B30BDC /* PBXTargetDependency */ = {
			isa = PBXTargetDependency;
			target = 04EAA7B82EF5BFDB00B30BDC /* SnakeGame */;
			targetProxy = 04EAA7DA2EF5BFDD00B30BDC /* PBXContainerItemProxy */;
		};
/* End PBXTargetDependency section */

/* Begin XCBuildConfiguration section */
		04EAA7E32EF5BFDD00B30BDC /* Debug */ = {
			isa = XCBuildConfiguration;
			buildSettings = {
				ASSETCATALOG_COMPILER_APPICON_NAME = AppIcon;
				ASSETCATALOG_COMPILER_GLOBAL_ACCENT_COLOR_NAME = AccentColor;
				CODE_SIGN_STYLE = Automatic;
				CURRENT_PROJECT_VERSION = 1;
				DEVELOPMENT_TEAM = 759S385K64;
				GENERATE_INFOPLIST_FILE = YES;
				INFOPLIST_FILE = SnakeGame/Info.plist;
				INFOPLIST_KEY_UIApplicationSupportsIndirectInputEvents = YES;
				INFOPLIST_KEY_UILaunchStoryboardName = LaunchScreen;
				INFOPLIST_KEY_UIMainStoryboardFile = Main;
				INFOPLIST_KEY_UISupportedInterfaceOrientations_iPad = "UIInterfaceOrientationPortrait UIInterfaceOrientationPortraitUpsideDown UIInterfaceOrientationLandscapeLeft UIInterfaceOrientationLandscapeRight";
				INFOPLIST_KEY_UISupportedInterfaceOrientations_iPhone = "UIInterfaceOrientationPortrait UIInterfaceOrientationLandscapeLeft UIInterfaceOrientationLandscapeRight";
				LD_RUNPATH_SEARCH_PATHS = (
					"$(inherited)",
					"@executable_path/Frameworks",
				);
				MARKETING_VERSION = 1.0;
				PRODUCT_BUNDLE_IDENTIFIER = com.connect.beta.SnakeGame;
				PRODUCT_NAME = "$(TARGET_NAME)";
				SWIFT_EMIT_LOC_STRINGS = YES;
				SWIFT_VERSION = 5.0;
				TARGETED_DEVICE_FAMILY = "1,2";
			};
			name = Debug;
		};
		04EAA7E42EF5BFDD00B30BDC /* Release */ = {
			isa = XCBuildConfiguration;
			buildSettings = {
				ASSETCATALOG_COMPILER_APPICON_NAME = AppIcon;
				ASSETCATALOG_COMPILER_GLOBAL_ACCENT_COLOR_NAME = AccentColor;
				CODE_SIGN_STYLE = Automatic;
				CURRENT_PROJECT_VERSION = 1;
				DEVELOPMENT_TEAM = 759S385K64;
				GENERATE_INFOPLIST_FILE = YES;
				INFOPLIST_FILE = SnakeGame/Info.plist;
				INFOPLIST_KEY_UIApplicationSupportsIndirectInputEvents = YES;
				INFOPLIST_KEY_UILaunchStoryboardName = LaunchScreen;
				INFOPLIST_KEY_UIMainStoryboardFile = Main;
				INFOPLIST_KEY_UISupportedInterfaceOrientations_iPad = "UIInterfaceOrientationPortrait UIInterfaceOrientationPortraitUpsideDown UIInterfaceOrientationLandscapeLeft UIInterfaceOrientationLandscapeRight";
				INFOPLIST_KEY_UISupportedInterfaceOrientations_iPhone = "UIInterfaceOrientationPortrait UIInterfaceOrientationLandscapeLeft UIInterfaceOrientationLandscapeRight";
				LD_RUNPATH_SEARCH_PATHS = (
					"$(inherited)",
					"@executable_path/Frameworks",
				);
				MARKETING_VERSION = 1.0;
				PRODUCT_BUNDLE_IDENTIFIER = com.connect.beta.SnakeGame;
				PRODUCT_NAME = "$(TARGET_NAME)";
				SWIFT_EMIT_LOC_STRINGS = YES;
				SWIFT_VERSION = 5.0;
				TARGETED_DEVICE_FAMILY = "1,2";
			};
			name = Release;
		};
		04EAA7E52EF5BFDD00B30BDC /* Debug */ = {
			isa = XCBuildConfiguration;
			buildSettings = {
				ALWAYS_SEARCH_USER_PATHS = NO;
				ASSETCATALOG_COMPILER_GENERATE_SWIFT_ASSET_SYMBOL_EXTENSIONS = YES;
				CLANG_ANALYZER_NONNULL = YES;
				CLANG_ANALYZER_NUMBER_OBJECT_CONVERSION = YES_AGGRESSIVE;
				CLANG_CXX_LANGUAGE_STANDARD = "gnu++20";
				CLANG_ENABLE_MODULES = YES;
				CLANG_ENABLE_OBJC_ARC = YES;
				CLANG_ENABLE_OBJC_WEAK = YES;
				CLANG_WARN_BLOCK_CAPTURE_AUTORELEASING = YES;
				CLANG_WARN_BOOL_CONVERSION = YES;
				CLANG_WARN_COMMA = YES;
				CLANG_WARN_CONSTANT_CONVERSION = YES;
				CLANG_WARN_DEPRECATED_OBJC_IMPLEMENTATIONS = YES;
				CLANG_WARN_DIRECT_OBJC_ISA_USAGE = YES_ERROR;
				CLANG_WARN_DOCUMENTATION_COMMENTS = YES;
				CLANG_WARN_EMPTY_BODY = YES;
				CLANG_WARN_ENUM_CONVERSION = YES;
				CLANG_WARN_INFINITE_RECURSION = YES;
				CLANG_WARN_INT_CONVERSION = YES;
				CLANG_WARN_NON_LITERAL_NULL_CONVERSION = YES;
				CLANG_WARN_OBJC_IMPLICIT_RETAIN_SELF = YES;
				CLANG_WARN_OBJC_LITERAL_CONVERSION = YES;
				CLANG_WARN_OBJC_ROOT_CLASS = YES_ERROR;
				CLANG_WARN_QUOTED_INCLUDE_IN_FRAMEWORK_HEADER = YES;
				CLANG_WARN_RANGE_LOOP_ANALYSIS = YES;
				CLANG_WARN_STRICT_PROTOTYPES = YES;
				CLANG_WARN_SUSPICIOUS_MOVE = YES;
				CLANG_WARN_UNGUARDED_AVAILABILITY = YES_AGGRESSIVE;
				CLANG_WARN_UNREACHABLE_CODE = YES;
				CLANG_WARN__DUPLICATE_METHOD_MATCH = YES;
				COPY_PHASE_STRIP = NO;
				DEBUG_INFORMATION_FORMAT = dwarf;
				DEVELOPMENT_TEAM = 759S385K64;
				ENABLE_STRICT_OBJC_MSGSEND = YES;
				ENABLE_TESTABILITY = YES;
				ENABLE_USER_SCRIPT_SANDBOXING = YES;
				GCC_C_LANGUAGE_STANDARD = gnu17;
				GCC_DYNAMIC_NO_PIC = NO;
				GCC_NO_COMMON_BLOCKS = YES;
				GCC_OPTIMIZATION_LEVEL = 0;
				GCC_PREPROCESSOR_DEFINITIONS = (
					"DEBUG=1",
					"$(inherited)",
				);
				GCC_WARN_64_TO_32_BIT_CONVERSION = YES;
				GCC_WARN_ABOUT_RETURN_TYPE = YES_ERROR;
				GCC_WARN_UNDECLARED_SELECTOR = YES;
				GCC_WARN_UNINITIALIZED_AUTOS = YES_AGGRESSIVE;
				GCC_WARN_UNUSED_FUNCTION = YES;
				GCC_WARN_UNUSED_VARIABLE = YES;
				IPHONEOS_DEPLOYMENT_TARGET = 18.5;
				LOCALIZATION_PREFERS_STRING_CATALOGS = YES;
				MTL_ENABLE_DEBUG_INFO = INCLUDE_SOURCE;
				MTL_FAST_MATH = YES;
				ONLY_ACTIVE_ARCH = YES;
				SDKROOT = iphoneos;
				SWIFT_ACTIVE_COMPILATION_CONDITIONS = "DEBUG $(inherited)";
				SWIFT_OPTIMIZATION_LEVEL = "-Onone";
			};
			name = Debug;
		};
		04EAA7E62EF5BFDD00B30BDC /* Release */ = {
			isa = XCBuildConfiguration;
			buildSettings = {
				ALWAYS_SEARCH_USER_PATHS = NO;
				ASSETCATALOG_COMPILER_GENERATE_SWIFT_ASSET_SYMBOL_EXTENSIONS = YES;
				CLANG_ANALYZER_NONNULL = YES;
				CLANG_ANALYZER_NUMBER_OBJECT_CONVERSION = YES_AGGRESSIVE;
				CLANG_CXX_LANGUAGE_STANDARD = "gnu++20";
				CLANG_ENABLE_MODULES = YES;
				CLANG_ENABLE_OBJC_ARC = YES;
				CLANG_ENABLE_OBJC_WEAK = YES;
				CLANG_WARN_BLOCK_CAPTURE_AUTORELEASING = YES;
				CLANG_WARN_BOOL_CONVERSION = YES;
				CLANG_WARN_COMMA = YES;
				CLANG_WARN_CONSTANT_CONVERSION = YES;
				CLANG_WARN_DEPRECATED_OBJC_IMPLEMENTATIONS = YES;
				CLANG_WARN_DIRECT_OBJC_ISA_USAGE = YES_ERROR;
				CLANG_WARN_DOCUMENTATION_COMMENTS = YES;
				CLANG_WARN_EMPTY_BODY = YES;
				CLANG_WARN_ENUM_CONVERSION = YES;
				CLANG_WARN_INFINITE_RECURSION = YES;
				CLANG_WARN_INT_CONVERSION = YES;
				CLANG_WARN_NON_LITERAL_NULL_CONVERSION = YES;
				CLANG_WARN_OBJC_IMPLICIT_RETAIN_SELF = YES;
				CLANG_WARN_OBJC_LITERAL_CONVERSION = YES;
				CLANG_WARN_OBJC_ROOT_CLASS = YES_ERROR;
				CLANG_WARN_QUOTED_INCLUDE_IN_FRAMEWORK_HEADER = YES;
				CLANG_WARN_RANGE_LOOP_ANALYSIS = YES;
				CLANG_WARN_STRICT_PROTOTYPES = YES;
				CLANG_WARN_SUSPICIOUS_MOVE = YES;
				CLANG_WARN_UNGUARDED_AVAILABILITY = YES_AGGRESSIVE;
				CLANG_WARN_UNREACHABLE_CODE = YES;
				CLANG_WARN__DUPLICATE_METHOD_MATCH = YES;
				COPY_PHASE_STRIP = NO;
				DEBUG_INFORMATION_FORMAT = "dwarf-with-dsym";
				DEVELOPMENT_TEAM = 759S385K64;
				ENABLE_NS_ASSERTIONS = NO;
				ENABLE_STRICT_OBJC_MSGSEND = YES;
				ENABLE_USER_SCRIPT_SANDBOXING = YES;
				GCC_C_LANGUAGE_STANDARD = gnu17;
				GCC_NO_COMMON_BLOCKS = YES;
				GCC_WARN_64_TO_32_BIT_CONVERSION = YES;
				GCC_WARN_ABOUT_RETURN_TYPE = YES_ERROR;
				GCC_WARN_UNDECLARED_SELECTOR = YES;
				GCC_WARN_UNINITIALIZED_AUTOS = YES_AGGRESSIVE;
				GCC_WARN_UNUSED_FUNCTION = YES;
				GCC_WARN_UNUSED_VARIABLE = YES;
				IPHONEOS_DEPLOYMENT_TARGET = 18.5;
				LOCALIZATION_PREFERS_STRING_CATALOGS = YES;
				MTL_ENABLE_DEBUG_INFO = NO;
				MTL_FAST_MATH = YES;
				SDKROOT = iphoneos;
				SWIFT_COMPILATION_MODE = wholemodule;
				VALIDATE_PRODUCT = YES;
			};
			name = Release;
		};
		04EAA7E82EF5BFDD00B30BDC /* Debug */ = {
			isa = XCBuildConfiguration;
			buildSettings = {
				BUNDLE_LOADER = "$(TEST_HOST)";
				CODE_SIGN_STYLE = Automatic;
				CURRENT_PROJECT_VERSION = 1;
				DEVELOPMENT_TEAM = 759S385K64;
				GENERATE_INFOPLIST_FILE = YES;
				IPHONEOS_DEPLOYMENT_TARGET = 18.5;
				MARKETING_VERSION = 1.0;
				PRODUCT_BUNDLE_IDENTIFIER = com.connect.beta.SnakeGameTests;
				PRODUCT_NAME = "$(TARGET_NAME)";
				SWIFT_EMIT_LOC_STRINGS = NO;
				SWIFT_VERSION = 5.0;
				TARGETED_DEVICE_FAMILY = "1,2";
				TEST_HOST = "$(BUILT_PRODUCTS_DIR)/SnakeGame.app/$(BUNDLE_EXECUTABLE_FOLDER_PATH)/SnakeGame";
			};
			name = Debug;
		};
		04EAA7E92EF5BFDD00B30BDC /* Release */ = {
			isa = XCBuildConfiguration;
			buildSettings = {
				BUNDLE_LOADER = "$(TEST_HOST)";
				CODE_SIGN_STYLE = Automatic;
				CURRENT_PROJECT_VERSION = 1;
				DEVELOPMENT_TEAM = 759S385K64;
				GENERATE_INFOPLIST_FILE = YES;
				IPHONEOS_DEPLOYMENT_TARGET = 18.5;
				MARKETING_VERSION = 1.0;
				PRODUCT_BUNDLE_IDENTIFIER = com.connect.beta.SnakeGameTests;
				PRODUCT_NAME = "$(TARGET_NAME)";
				SWIFT_EMIT_LOC_STRINGS = NO;
				SWIFT_VERSION = 5.0;
				TARGETED_DEVICE_FAMILY = "1,2";
				TEST_HOST = "$(BUILT_PRODUCTS_DIR)/SnakeGame.app/$(BUNDLE_EXECUTABLE_FOLDER_PATH)/SnakeGame";
			};
			name = Release;
		};
		04EAA7EB2EF5BFDD00B30BDC /* Debug */ = {
			isa = XCBuildConfiguration;
			buildSettings = {
				CODE_SIGN_STYLE = Automatic;
				CURRENT_PROJECT_VERSION = 1;
				DEVELOPMENT_TEAM = 759S385K64;
				GENERATE_INFOPLIST_FILE = YES;
				MARKETING_VERSION = 1.0;
				PRODUCT_BUNDLE_IDENTIFIER = com.connect.beta.SnakeGameUITests;
				PRODUCT_NAME = "$(TARGET_NAME)";
				SWIFT_EMIT_LOC_STRINGS = NO;
				SWIFT_VERSION = 5.0;
				TARGETED_DEVICE_FAMILY = "1,2";
				TEST_TARGET_NAME = SnakeGame;
			};
			name = Debug;
		};
		04EAA7EC2EF5BFDD00B30BDC /* Release */ = {
			isa = XCBuildConfiguration;
			buildSettings = {
				CODE_SIGN_STYLE = Automatic;
				CURRENT_PROJECT_VERSION = 1;
				DEVELOPMENT_TEAM = 759S385K64;
				GENERATE_INFOPLIST_FILE = YES;
				MARKETING_VERSION = 1.0;
				PRODUCT_BUNDLE_IDENTIFIER = com.connect.beta.SnakeGameUITests;
				PRODUCT_NAME = "$(TARGET_NAME)";
				SWIFT_EMIT_LOC_STRINGS = NO;
				SWIFT_VERSION = 5.0;
				TARGETED_DEVICE_FAMILY = "1,2";
				TEST_TARGET_NAME = SnakeGame;
			};
			name = Release;
		};
/* End XCBuildConfiguration section */

/* Begin XCConfigurationList section */
		04EAA7B42EF5BFDB00B30BDC /* Build configuration list for PBXProject "SnakeGame" */ = {
			isa = XCConfigurationList;
			buildConfigurations = (
				04EAA7E52EF5BFDD00B30BDC /* Debug */,
				04EAA7E62EF5BFDD00B30BDC /* Release */,
			);
			defaultConfigurationIsVisible = 0;
			defaultConfigurationName = Release;
		};
		04EAA7E22EF5BFDD00B30BDC /* Build configuration list for PBXNativeTarget "SnakeGame" */ = {
			isa = XCConfigurationList;
			buildConfigurations = (
				04EAA7E32EF5BFDD00B30BDC /* Debug */,
				04EAA7E42EF5BFDD00B30BDC /* Release */,
			);
			defaultConfigurationIsVisible = 0;
			defaultConfigurationName = Release;
		};
		04EAA7E72EF5BFDD00B30BDC /* Build configuration list for PBXNativeTarget "SnakeGameTests" */ = {
			isa = XCConfigurationList;
			buildConfigurations = (
				04EAA7E82EF5BFDD00B30BDC /* Debug */,
				04EAA7E92EF5BFDD00B30BDC /* Release */,
			);
			defaultConfigurationIsVisible = 0;
			defaultConfigurationName = Release;
		};
		04EAA7EA2EF5BFDD00B30BDC /* Build configuration list for PBXNativeTarget "SnakeGameUITests" */ = {
			isa = XCConfigurationList;
			buildConfigurations = (
				04EAA7EB2EF5BFDD00B30BDC /* Debug */,
				04EAA7EC2EF5BFDD00B30BDC /* Release */,
			);
			defaultConfigurationIsVisible = 0;
			defaultConfigurationName = Release;
		};
/* End XCConfigurationList section */
	};
	rootObject = 04EAA7B12EF5BFDB00B30BDC /* Project object */;
}
